# This file was autogenerated by Stack.
# You should not edit this file by hand.
# For more information, please see the documentation at:
#   https://docs.haskellstack.org/en/stable/lock_files

packages:
- completed:
    hackage: random-shuffle-0.0.4@sha256:d0b9783c30208d1ce05caa05139fb00372802edb6c678b73d61b5eb4eebb3aba,818
    pantry-tree:
      sha256: e6e1c894e726443bc7165618de6745812610e70f0df22dbe5c130bafee2c507b
      size: 226
  original:
    hackage: random-shuffle-0.0.4
snapshots:
- completed:
    sha256: 63539429076b7ebbab6daa7656cfb079393bf644971156dc349d7c0453694ac2
    size: 586296
    url: https://raw.githubusercontent.com/commercialhaskell/stackage-snapshots/master/lts/18/18.yaml
  original: lts-18.18
